<?xml version="1.0" encoding="utf-8"?>
<Project ToolsVersion="4.0" xmlns="http://schemas.microsoft.com/developer/msbuild/2003">
  <ItemGroup>
    <Filter Include="Resource Files">
      <UniqueIdentifier>{D9D6E242-F8AF-46E4-B9FD-80ECBC20BA3E}</UniqueIdentifier>
      <Extensions>qrc;*</Extensions>
      <ParseFiles>false</ParseFiles>
    </Filter>
    <Filter Include="Generated Files">
      <UniqueIdentifier>{71ED8ED8-ACB9-4CE9-BBE1-E00B30144E11}</UniqueIdentifier>
      <Extensions>moc;h;cpp</Extensions>
      <SourceControlFiles>False</SourceControlFiles>
    </Filter>
    <Filter Include="Generated Files\Debug">
      <UniqueIdentifier>{afda8436-8ea4-4353-9265-cc9e3fb90125}</UniqueIdentifier>
      <Extensions>cpp;moc</Extensions>
      <SourceControlFiles>False</SourceControlFiles>
    </Filter>
    <Filter Include="jsoncpp">
      <UniqueIdentifier>{d0c59658-667d-4395-9864-2d5fdd0210a1}</UniqueIdentifier>
    </Filter>
    <Filter Include="jsoncpp\json">
      <UniqueIdentifier>{47e9db5f-4774-44d7-8e78-dc416bbf3ebc}</UniqueIdentifier>
    </Filter>
  </ItemGroup>
  <ItemGroup>
    <ClCompile Include="GeneratedFiles\Debug\moc_ModbusDevices.cpp">
      <Filter>Generated Files\Debug</Filter>
    </ClCompile>
    <ClCompile Include="GeneratedFiles\qrc_ModbusDevices.cpp">
      <Filter>Generated Files</Filter>
    </ClCompile>
    <ClCompile Include="GeneratedFiles\Debug\moc_LoggerWidget.cpp">
      <Filter>Generated Files\Debug</Filter>
    </ClCompile>
    <ClCompile Include="LoggerWidget.cpp" />
    <ClCompile Include="main.cpp" />
    <ClCompile Include="ModbusDevices.cpp" />
    <ClCompile Include="GeneratedFiles\Debug\moc_Settings.cpp">
      <Filter>Generated Files\Debug</Filter>
    </ClCompile>
    <ClCompile Include="GeneratedFiles\Debug\moc_DeviceWidget.cpp">
      <Filter>Generated Files\Debug</Filter>
    </ClCompile>
    <ClCompile Include="DeviceWidget.cpp" />
    <ClCompile Include="jsoncpp\json_reader.cpp">
      <Filter>jsoncpp</Filter>
    </ClCompile>
    <ClCompile Include="jsoncpp\json_value.cpp">
      <Filter>jsoncpp</Filter>
    </ClCompile>
    <ClCompile Include="jsoncpp\json_writer.cpp">
      <Filter>jsoncpp</Filter>
    </ClCompile>
    <ClCompile Include="Register.cpp">
      <Filter>Generated Files</Filter>
    </ClCompile>
  </ItemGroup>
  <ItemGroup>
    <ClInclude Include="GeneratedFiles\ui_ModbusDevices.h">
      <Filter>Generated Files</Filter>
    </ClInclude>
    <ClInclude Include="GeneratedFiles\ui_DeviceWidget.h">
      <Filter>Generated Files</Filter>
    </ClInclude>
    <ClInclude Include="jsoncpp\json_batchallocator.h">
      <Filter>jsoncpp</Filter>
    </ClInclude>
    <ClInclude Include="jsoncpp\json\autolink.h">
      <Filter>jsoncpp\json</Filter>
    </ClInclude>
    <ClInclude Include="jsoncpp\json\config.h">
      <Filter>jsoncpp\json</Filter>
    </ClInclude>
    <ClInclude Include="jsoncpp\json\features.h">
      <Filter>jsoncpp\json</Filter>
    </ClInclude>
    <ClInclude Include="jsoncpp\json\forwards.h">
      <Filter>jsoncpp\json</Filter>
    </ClInclude>
    <ClInclude Include="jsoncpp\json\json.h">
      <Filter>jsoncpp\json</Filter>
    </ClInclude>
    <ClInclude Include="jsoncpp\json\reader.h">
      <Filter>jsoncpp\json</Filter>
    </ClInclude>
    <ClInclude Include="jsoncpp\json\value.h">
      <Filter>jsoncpp\json</Filter>
    </ClInclude>
    <ClInclude Include="jsoncpp\json\writer.h">
      <Filter>jsoncpp\json</Filter>
    </ClInclude>
    <ClInclude Include="Register.h">
      <Filter>Generated Files</Filter>
    </ClInclude>
  </ItemGroup>
  <ItemGroup>
    <CustomBuild Include="ModbusDevices.qrc">
      <Filter>Resource Files</Filter>
    </CustomBuild>
    <CustomBuild Include="ModbusDevices.h" />
    <CustomBuild Include="LoggerWidget.h" />
    <CustomBuild Include="ModbusDevices.ui" />
    <CustomBuild Include="Settings.hpp" />
    <CustomBuild Include="DeviceWidget.ui" />
    <CustomBuild Include="DeviceWidget.h">
      <Filter>Generated Files</Filter>
    </CustomBuild>
  </ItemGroup>
</Project>