<?xml version="1.0" encoding="utf-8"?>
<Project ToolsVersion="4.0" xmlns="http://schemas.microsoft.com/developer/msbuild/2003">
  <ItemGroup>
    <Filter Include="Resource Files">
      <UniqueIdentifier>{D9D6E242-F8AF-46E4-B9FD-80ECBC20BA3E}</UniqueIdentifier>
      <Extensions>qrc;*</Extensions>
      <ParseFiles>false</ParseFiles>
    </Filter>
    <Filter Include="Generated Files">
      <UniqueIdentifier>{71ED8ED8-ACB9-4CE9-BBE1-E00B30144E11}</UniqueIdentifier>
      <Extensions>moc;h;cpp</Extensions>
      <SourceControlFiles>False</SourceControlFiles>
    </Filter>
    <Filter Include="Generated Files\Debug">
      <UniqueIdentifier>{afda8436-8ea4-4353-9265-cc9e3fb90125}</UniqueIdentifier>
      <Extensions>cpp;moc</Extensions>
      <SourceControlFiles>False</SourceControlFiles>
    </Filter>
    <Filter Include="jsoncpp">
      <UniqueIdentifier>{d0c59658-667d-4395-9864-2d5fdd0210a1}</UniqueIdentifier>
    </Filter>
    <Filter Include="jsoncpp\json">
      <UniqueIdentifier>{47e9db5f-4774-44d7-8e78-dc416bbf3ebc}</UniqueIdentifier>
    </Filter>
    <Filter Include="libmodbus">
      <UniqueIdentifier>{96c3d3a6-c92b-4c2d-bd4e-94b6b2b2c878}</UniqueIdentifier>
    </Filter>
    <Filter Include="widgets">
      <UniqueIdentifier>{1c92d1fa-c95d-4a67-b565-18280e3d1dcc}</UniqueIdentifier>
    </Filter>
    <Filter Include="ui">
      <UniqueIdentifier>{a475ce98-c938-4e50-a4aa-a0a9867f3b44}</UniqueIdentifier>
    </Filter>
    <Filter Include="serial">
      <UniqueIdentifier>{fb5e54a2-25c0-40d1-b739-24c4c5479be4}</UniqueIdentifier>
    </Filter>
    <Filter Include="DeviceModbus">
      <UniqueIdentifier>{77daaa5a-4d15-4c1e-ae81-4e537cebb94f}</UniqueIdentifier>
    </Filter>
    <Filter Include="DeviceTura">
      <UniqueIdentifier>{1e7af75d-6c91-4605-ae4b-fa42628873fa}</UniqueIdentifier>
    </Filter>
  </ItemGroup>
  <ItemGroup>
    <ClCompile Include="GeneratedFiles\Debug\moc_ModbusDevices.cpp">
      <Filter>Generated Files\Debug</Filter>
    </ClCompile>
    <ClCompile Include="GeneratedFiles\Debug\moc_LoggerWidget.cpp">
      <Filter>Generated Files\Debug</Filter>
    </ClCompile>
    <ClCompile Include="main.cpp" />
    <ClCompile Include="GeneratedFiles\Debug\moc_Settings.cpp">
      <Filter>Generated Files\Debug</Filter>
    </ClCompile>
    <ClCompile Include="GeneratedFiles\Debug\moc_DeviceWidget.cpp">
      <Filter>Generated Files\Debug</Filter>
    </ClCompile>
    <ClCompile Include="jsoncpp\json_reader.cpp">
      <Filter>jsoncpp</Filter>
    </ClCompile>
    <ClCompile Include="jsoncpp\json_value.cpp">
      <Filter>jsoncpp</Filter>
    </ClCompile>
    <ClCompile Include="jsoncpp\json_writer.cpp">
      <Filter>jsoncpp</Filter>
    </ClCompile>
    <ClCompile Include="Value.cpp" />
    <ClCompile Include="DeviceWidget.cpp">
      <Filter>widgets</Filter>
    </ClCompile>
    <ClCompile Include="LoggerWidget.cpp">
      <Filter>widgets</Filter>
    </ClCompile>
    <ClCompile Include="ModbusDevices.cpp">
      <Filter>widgets</Filter>
    </ClCompile>
    <ClCompile Include="Convert.cpp" />
    <ClCompile Include="Serial\Serial.cpp">
      <Filter>serial</Filter>
    </ClCompile>
    <ClCompile Include="Serial\SerialEx.cpp">
      <Filter>serial</Filter>
    </ClCompile>
    <ClCompile Include="Serial\SerialWnd.cpp">
      <Filter>serial</Filter>
    </ClCompile>
    <ClCompile Include="GeneratedFiles\qrc_ModbusDevices.cpp">
      <Filter>Generated Files</Filter>
    </ClCompile>
    <ClCompile Include="DeviceModbus\libmodbus\modbus.c">
      <Filter>libmodbus</Filter>
    </ClCompile>
    <ClCompile Include="DeviceModbus\libmodbus\modbus-data.c">
      <Filter>libmodbus</Filter>
    </ClCompile>
    <ClCompile Include="DeviceModbus\libmodbus\modbus-rtu.c">
      <Filter>libmodbus</Filter>
    </ClCompile>
    <ClCompile Include="DeviceModbus\libmodbus\modbus-tcp.c">
      <Filter>libmodbus</Filter>
    </ClCompile>
    <ClCompile Include="DeviceModbus\DeviceModbus.cpp">
      <Filter>DeviceModbus</Filter>
    </ClCompile>
    <ClCompile Include="DeviceModbus\RegisterModbus.cpp">
      <Filter>DeviceModbus</Filter>
    </ClCompile>
    <ClCompile Include="DeviceTura\DeviceTura.cpp">
      <Filter>DeviceTura</Filter>
    </ClCompile>
    <ClCompile Include="DeviceModbus\ModbusControl.cpp">
      <Filter>DeviceModbus</Filter>
    </ClCompile>
    <ClCompile Include="GeneratedFiles\Debug\moc_ModbusControl.cpp">
      <Filter>Generated Files\Debug</Filter>
    </ClCompile>
  </ItemGroup>
  <ItemGroup>
    <ClInclude Include="GeneratedFiles\ui_ModbusDevices.h">
      <Filter>Generated Files</Filter>
    </ClInclude>
    <ClInclude Include="GeneratedFiles\ui_DeviceWidget.h">
      <Filter>Generated Files</Filter>
    </ClInclude>
    <ClInclude Include="jsoncpp\json_batchallocator.h">
      <Filter>jsoncpp</Filter>
    </ClInclude>
    <ClInclude Include="jsoncpp\json\autolink.h">
      <Filter>jsoncpp\json</Filter>
    </ClInclude>
    <ClInclude Include="jsoncpp\json\config.h">
      <Filter>jsoncpp\json</Filter>
    </ClInclude>
    <ClInclude Include="jsoncpp\json\features.h">
      <Filter>jsoncpp\json</Filter>
    </ClInclude>
    <ClInclude Include="jsoncpp\json\forwards.h">
      <Filter>jsoncpp\json</Filter>
    </ClInclude>
    <ClInclude Include="jsoncpp\json\json.h">
      <Filter>jsoncpp\json</Filter>
    </ClInclude>
    <ClInclude Include="jsoncpp\json\reader.h">
      <Filter>jsoncpp\json</Filter>
    </ClInclude>
    <ClInclude Include="jsoncpp\json\value.h">
      <Filter>jsoncpp\json</Filter>
    </ClInclude>
    <ClInclude Include="jsoncpp\json\writer.h">
      <Filter>jsoncpp\json</Filter>
    </ClInclude>
    <ClInclude Include="Value.h" />
    <ClInclude Include="IncludeMe.h" />
    <ClInclude Include="Convert.h" />
    <ClInclude Include="Serial\Serial.h">
      <Filter>serial</Filter>
    </ClInclude>
    <ClInclude Include="Serial\SerialEx.h">
      <Filter>serial</Filter>
    </ClInclude>
    <ClInclude Include="Serial\SerialWnd.h">
      <Filter>serial</Filter>
    </ClInclude>
    <ClInclude Include="DeviceModbus\libmodbus\config.h">
      <Filter>libmodbus</Filter>
    </ClInclude>
    <ClInclude Include="DeviceModbus\libmodbus\modbus.h">
      <Filter>libmodbus</Filter>
    </ClInclude>
    <ClInclude Include="DeviceModbus\libmodbus\modbus-private.h">
      <Filter>libmodbus</Filter>
    </ClInclude>
    <ClInclude Include="DeviceModbus\libmodbus\modbus-rtu.h">
      <Filter>libmodbus</Filter>
    </ClInclude>
    <ClInclude Include="DeviceModbus\libmodbus\modbus-rtu-private.h">
      <Filter>libmodbus</Filter>
    </ClInclude>
    <ClInclude Include="DeviceModbus\libmodbus\modbus-tcp.h">
      <Filter>libmodbus</Filter>
    </ClInclude>
    <ClInclude Include="DeviceModbus\libmodbus\modbus-tcp-private.h">
      <Filter>libmodbus</Filter>
    </ClInclude>
    <ClInclude Include="DeviceModbus\libmodbus\modbus-version.h">
      <Filter>libmodbus</Filter>
    </ClInclude>
    <ClInclude Include="DeviceModbus\RegisterModbus.h">
      <Filter>DeviceModbus</Filter>
    </ClInclude>
    <ClInclude Include="Device.h" />
    <ClInclude Include="DeviceTura\DeviceTura.h">
      <Filter>DeviceTura</Filter>
    </ClInclude>
  </ItemGroup>
  <ItemGroup>
    <CustomBuild Include="Settings.hpp" />
    <CustomBuild Include="DeviceWidget.h">
      <Filter>widgets</Filter>
    </CustomBuild>
    <CustomBuild Include="DeviceWidget.ui">
      <Filter>widgets</Filter>
    </CustomBuild>
    <CustomBuild Include="LoggerWidget.h">
      <Filter>widgets</Filter>
    </CustomBuild>
    <CustomBuild Include="ModbusDevices.ui">
      <Filter>widgets</Filter>
    </CustomBuild>
    <CustomBuild Include="ModbusDevices.h">
      <Filter>widgets</Filter>
    </CustomBuild>
    <CustomBuild Include="ui\Example.ui">
      <Filter>ui</Filter>
    </CustomBuild>
    <CustomBuild Include="ui\Freq.ui">
      <Filter>ui</Filter>
    </CustomBuild>
    <CustomBuild Include="ui\IOBoard_0.ui">
      <Filter>ui</Filter>
    </CustomBuild>
    <CustomBuild Include="ui\Tura.ui">
      <Filter>ui</Filter>
    </CustomBuild>
    <CustomBuild Include="rsc\ModbusDevices.qrc">
      <Filter>Resource Files</Filter>
    </CustomBuild>
    <CustomBuild Include="DeviceModbus\DeviceModbus.h">
      <Filter>DeviceModbus</Filter>
    </CustomBuild>
    <CustomBuild Include="DeviceModbus\ModbusControl.h">
      <Filter>DeviceModbus</Filter>
    </CustomBuild>
    <CustomBuild Include="ui\IOBoard_1.ui">
      <Filter>ui</Filter>
    </CustomBuild>
    <CustomBuild Include="ui\IOBoard_2.ui">
      <Filter>ui</Filter>
    </CustomBuild>
  </ItemGroup>
</Project>